
Microsoft Visual Studio Solution File, Format Version 12.00
# Visual Studio 15
VisualStudioVersion = 15.0.26228.4
MinimumVisualStudioVersion = 10.0.40219.1
Project("{FAE04EC0-301F-11D3-BF4B-00C04F79EFBC}") = "NetworkState.Droid", "NetworkState\NetworkState.Droid\NetworkState.Droid.csproj", "{CE0FD3BE-43A8-41A8-8D1F-8E3134A2F356}"
EndProject
Project("{FAE04EC0-301F-11D3-BF4B-00C04F79EFBC}") = "NetworkState.iOS", "NetworkState\NetworkState.iOS\NetworkState.iOS.csproj", "{CED2803E-C36F-44BA-A0EA-98F93E11D8F1}"
EndProject
Project("{D954291E-2A0B-460D-934E-DC6B0785DB48}") = "NetworkState", "NetworkState.Shared\NetworkState.shproj", "{954C8669-A52F-4304-8056-9FD2BE447D1D}"
EndProject
Global
	GlobalSection(SolutionConfigurationPlatforms) = preSolution
		Ad-Hoc|Any CPU = Ad-Hoc|Any CPU
		Ad-Hoc|ARM = Ad-Hoc|ARM
		Ad-Hoc|iPhone = Ad-Hoc|iPhone
		Ad-Hoc|iPhoneSimulator = Ad-Hoc|iPhoneSimulator
		Ad-Hoc|x64 = Ad-Hoc|x64
		Ad-Hoc|x86 = Ad-Hoc|x86
		AppStore|Any CPU = AppStore|Any CPU
		AppStore|ARM = AppStore|ARM
		AppStore|iPhone = AppStore|iPhone
		AppStore|iPhoneSimulator = AppStore|iPhoneSimulator
		AppStore|x64 = AppStore|x64
		AppStore|x86 = AppStore|x86
		Debug|Any CPU = Debug|Any CPU
		Debug|ARM = Debug|ARM
		Debug|iPhone = Debug|iPhone
		Debug|iPhoneSimulator = Debug|iPhoneSimulator
		Debug|x64 = Debug|x64
		Debug|x86 = Debug|x86
		Release|Any CPU = Release|Any CPU
		Release|ARM = Release|ARM
		Release|iPhone = Release|iPhone
		Release|iPhoneSimulator = Release|iPhoneSimulator
		Release|x64 = Release|x64
		Release|x86 = Release|x86
	EndGlobalSection
	GlobalSection(ProjectConfigurationPlatforms) = postSolution
		{CE0FD3BE-43A8-41A8-8D1F-8E3134A2F356}.Ad-Hoc|Any CPU.ActiveCfg = Release|Any CPU
		{CE0FD3BE-43A8-41A8-8D1F-8E3134A2F356}.Ad-Hoc|Any CPU.Build.0 = Release|Any CPU
		{CE0FD3BE-43A8-41A8-8D1F-8E3134A2F356}.Ad-Hoc|Any CPU.Deploy.0 = Release|Any CPU
		{CE0FD3BE-43A8-41A8-8D1F-8E3134A2F356}.Ad-Hoc|ARM.ActiveCfg = Release|Any CPU
		{CE0FD3BE-43A8-41A8-8D1F-8E3134A2F356}.Ad-Hoc|ARM.Build.0 = Release|Any CPU
		{CE0FD3BE-43A8-41A8-8D1F-8E3134A2F356}.Ad-Hoc|ARM.Deploy.0 = Release|Any CPU
		{CE0FD3BE-43A8-41A8-8D1F-8E3134A2F356}.Ad-Hoc|iPhone.ActiveCfg = Release|Any CPU
		{CE0FD3BE-43A8-41A8-8D1F-8E3134A2F356}.Ad-Hoc|iPhone.Build.0 = Release|Any CPU
		{CE0FD3BE-43A8-41A8-8D1F-8E3134A2F356}.Ad-Hoc|iPhone.Deploy.0 = Release|Any CPU
		{CE0FD3BE-43A8-41A8-8D1F-8E3134A2F356}.Ad-Hoc|iPhoneSimulator.ActiveCfg = Release|Any CPU
		{CE0FD3BE-43A8-41A8-8D1F-8E3134A2F356}.Ad-Hoc|iPhoneSimulator.Build.0 = Release|Any CPU
		{CE0FD3BE-43A8-41A8-8D1F-8E3134A2F356}.Ad-Hoc|iPhoneSimulator.Deploy.0 = Release|Any CPU
		{CE0FD3BE-43A8-41A8-8D1F-8E3134A2F356}.Ad-Hoc|x64.ActiveCfg = Release|Any CPU
		{CE0FD3BE-43A8-41A8-8D1F-8E3134A2F356}.Ad-Hoc|x64.Build.0 = Release|Any CPU
		{CE0FD3BE-43A8-41A8-8D1F-8E3134A2F356}.Ad-Hoc|x64.Deploy.0 = Release|Any CPU
		{CE0FD3BE-43A8-41A8-8D1F-8E3134A2F356}.Ad-Hoc|x86.ActiveCfg = Release|Any CPU
		{CE0FD3BE-43A8-41A8-8D1F-8E3134A2F356}.Ad-Hoc|x86.Build.0 = Release|Any CPU
		{CE0FD3BE-43A8-41A8-8D1F-8E3134A2F356}.Ad-Hoc|x86.Deploy.0 = Release|Any CPU
		{CE0FD3BE-43A8-41A8-8D1F-8E3134A2F356}.AppStore|Any CPU.ActiveCfg = Release|Any CPU
		{CE0FD3BE-43A8-41A8-8D1F-8E3134A2F356}.AppStore|Any CPU.Build.0 = Release|Any CPU
		{CE0FD3BE-43A8-41A8-8D1F-8E3134A2F356}.AppStore|Any CPU.Deploy.0 = Release|Any CPU
		{CE0FD3BE-43A8-41A8-8D1F-8E3134A2F356}.AppStore|ARM.ActiveCfg = Release|Any CPU
		{CE0FD3BE-43A8-41A8-8D1F-8E3134A2F356}.AppStore|ARM.Build.0 = Release|Any CPU
		{CE0FD3BE-43A8-41A8-8D1F-8E3134A2F356}.AppStore|ARM.Deploy.0 = Release|Any CPU
		{CE0FD3BE-43A8-41A8-8D1F-8E3134A2F356}.AppStore|iPhone.ActiveCfg = Release|Any CPU
		{CE0FD3BE-43A8-41A8-8D1F-8E3134A2F356}.AppStore|iPhone.Build.0 = Release|Any CPU
		{CE0FD3BE-43A8-41A8-8D1F-8E3134A2F356}.AppStore|iPhone.Deploy.0 = Release|Any CPU
		{CE0FD3BE-43A8-41A8-8D1F-8E3134A2F356}.AppStore|iPhoneSimulator.ActiveCfg = Release|Any CPU
		{CE0FD3BE-43A8-41A8-8D1F-8E3134A2F356}.AppStore|iPhoneSimulator.Build.0 = Release|Any CPU
		{CE0FD3BE-43A8-41A8-8D1F-8E3134A2F356}.AppStore|iPhoneSimulator.Deploy.0 = Release|Any CPU
		{CE0FD3BE-43A8-41A8-8D1F-8E3134A2F356}.AppStore|x64.ActiveCfg = Release|Any CPU
		{CE0FD3BE-43A8-41A8-8D1F-8E3134A2F356}.AppStore|x64.Build.0 = Release|Any CPU
		{CE0FD3BE-43A8-41A8-8D1F-8E3134A2F356}.AppStore|x64.Deploy.0 = Release|Any CPU
		{CE0FD3BE-43A8-41A8-8D1F-8E3134A2F356}.AppStore|x86.ActiveCfg = Release|Any CPU
		{CE0FD3BE-43A8-41A8-8D1F-8E3134A2F356}.AppStore|x86.Build.0 = Release|Any CPU
		{CE0FD3BE-43A8-41A8-8D1F-8E3134A2F356}.AppStore|x86.Deploy.0 = Release|Any CPU
		{CE0FD3BE-43A8-41A8-8D1F-8E3134A2F356}.Debug|Any CPU.ActiveCfg = Debug|Any CPU
		{CE0FD3BE-43A8-41A8-8D1F-8E3134A2F356}.Debug|Any CPU.Build.0 = Debug|Any CPU
		{CE0FD3BE-43A8-41A8-8D1F-8E3134A2F356}.Debug|Any CPU.Deploy.0 = Debug|Any CPU
		{CE0FD3BE-43A8-41A8-8D1F-8E3134A2F356}.Debug|ARM.ActiveCfg = Debug|Any CPU
		{CE0FD3BE-43A8-41A8-8D1F-8E3134A2F356}.Debug|ARM.Build.0 = Debug|Any CPU
		{CE0FD3BE-43A8-41A8-8D1F-8E3134A2F356}.Debug|ARM.Deploy.0 = Debug|Any CPU
		{CE0FD3BE-43A8-41A8-8D1F-8E3134A2F356}.Debug|iPhone.ActiveCfg = Debug|Any CPU
		{CE0FD3BE-43A8-41A8-8D1F-8E3134A2F356}.Debug|iPhone.Build.0 = Debug|Any CPU
		{CE0FD3BE-43A8-41A8-8D1F-8E3134A2F356}.Debug|iPhone.Deploy.0 = Debug|Any CPU
		{CE0FD3BE-43A8-41A8-8D1F-8E3134A2F356}.Debug|iPhoneSimulator.ActiveCfg = Debug|Any CPU
		{CE0FD3BE-43A8-41A8-8D1F-8E3134A2F356}.Debug|iPhoneSimulator.Build.0 = Debug|Any CPU
		{CE0FD3BE-43A8-41A8-8D1F-8E3134A2F356}.Debug|iPhoneSimulator.Deploy.0 = Debug|Any CPU
		{CE0FD3BE-43A8-41A8-8D1F-8E3134A2F356}.Debug|x64.ActiveCfg = Debug|Any CPU
		{CE0FD3BE-43A8-41A8-8D1F-8E3134A2F356}.Debug|x64.Build.0 = Debug|Any CPU
		{CE0FD3BE-43A8-41A8-8D1F-8E3134A2F356}.Debug|x64.Deploy.0 = Debug|Any CPU
		{CE0FD3BE-43A8-41A8-8D1F-8E3134A2F356}.Debug|x86.ActiveCfg = Debug|Any CPU
		{CE0FD3BE-43A8-41A8-8D1F-8E3134A2F356}.Debug|x86.Build.0 = Debug|Any CPU
		{CE0FD3BE-43A8-41A8-8D1F-8E3134A2F356}.Debug|x86.Deploy.0 = Debug|Any CPU
		{CE0FD3BE-43A8-41A8-8D1F-8E3134A2F356}.Release|Any CPU.ActiveCfg = Release|Any CPU
		{CE0FD3BE-43A8-41A8-8D1F-8E3134A2F356}.Release|Any CPU.Build.0 = Release|Any CPU
		{CE0FD3BE-43A8-41A8-8D1F-8E3134A2F356}.Release|Any CPU.Deploy.0 = Release|Any CPU
		{CE0FD3BE-43A8-41A8-8D1F-8E3134A2F356}.Release|ARM.ActiveCfg = Release|Any CPU
		{CE0FD3BE-43A8-41A8-8D1F-8E3134A2F356}.Release|ARM.Build.0 = Release|Any CPU
		{CE0FD3BE-43A8-41A8-8D1F-8E3134A2F356}.Release|ARM.Deploy.0 = Release|Any CPU
		{CE0FD3BE-43A8-41A8-8D1F-8E3134A2F356}.Release|iPhone.ActiveCfg = Release|Any CPU
		{CE0FD3BE-43A8-41A8-8D1F-8E3134A2F356}.Release|iPhone.Build.0 = Release|Any CPU
		{CE0FD3BE-43A8-41A8-8D1F-8E3134A2F356}.Release|iPhone.Deploy.0 = Release|Any CPU
		{CE0FD3BE-43A8-41A8-8D1F-8E3134A2F356}.Release|iPhoneSimulator.ActiveCfg = Release|Any CPU
		{CE0FD3BE-43A8-41A8-8D1F-8E3134A2F356}.Release|iPhoneSimulator.Build.0 = Release|Any CPU
		{CE0FD3BE-43A8-41A8-8D1F-8E3134A2F356}.Release|iPhoneSimulator.Deploy.0 = Release|Any CPU
		{CE0FD3BE-43A8-41A8-8D1F-8E3134A2F356}.Release|x64.ActiveCfg = Release|Any CPU
		{CE0FD3BE-43A8-41A8-8D1F-8E3134A2F356}.Release|x64.Build.0 = Release|Any CPU
		{CE0FD3BE-43A8-41A8-8D1F-8E3134A2F356}.Release|x64.Deploy.0 = Release|Any CPU
		{CE0FD3BE-43A8-41A8-8D1F-8E3134A2F356}.Release|x86.ActiveCfg = Release|Any CPU
		{CE0FD3BE-43A8-41A8-8D1F-8E3134A2F356}.Release|x86.Build.0 = Release|Any CPU
		{CE0FD3BE-43A8-41A8-8D1F-8E3134A2F356}.Release|x86.Deploy.0 = Release|Any CPU
		{CED2803E-C36F-44BA-A0EA-98F93E11D8F1}.Ad-Hoc|Any CPU.ActiveCfg = Ad-Hoc|iPhone
		{CED2803E-C36F-44BA-A0EA-98F93E11D8F1}.Ad-Hoc|ARM.ActiveCfg = Ad-Hoc|iPhone
		{CED2803E-C36F-44BA-A0EA-98F93E11D8F1}.Ad-Hoc|iPhone.ActiveCfg = Ad-Hoc|iPhone
		{CED2803E-C36F-44BA-A0EA-98F93E11D8F1}.Ad-Hoc|iPhone.Build.0 = Ad-Hoc|iPhone
		{CED2803E-C36F-44BA-A0EA-98F93E11D8F1}.Ad-Hoc|iPhoneSimulator.ActiveCfg = Ad-Hoc|iPhoneSimulator
		{CED2803E-C36F-44BA-A0EA-98F93E11D8F1}.Ad-Hoc|iPhoneSimulator.Build.0 = Ad-Hoc|iPhoneSimulator
		{CED2803E-C36F-44BA-A0EA-98F93E11D8F1}.Ad-Hoc|x64.ActiveCfg = Ad-Hoc|iPhone
		{CED2803E-C36F-44BA-A0EA-98F93E11D8F1}.Ad-Hoc|x86.ActiveCfg = Ad-Hoc|iPhone
		{CED2803E-C36F-44BA-A0EA-98F93E11D8F1}.AppStore|Any CPU.ActiveCfg = AppStore|iPhone
		{CED2803E-C36F-44BA-A0EA-98F93E11D8F1}.AppStore|ARM.ActiveCfg = AppStore|iPhone
		{CED2803E-C36F-44BA-A0EA-98F93E11D8F1}.AppStore|iPhone.ActiveCfg = AppStore|iPhone
		{CED2803E-C36F-44BA-A0EA-98F93E11D8F1}.AppStore|iPhone.Build.0 = AppStore|iPhone
		{CED2803E-C36F-44BA-A0EA-98F93E11D8F1}.AppStore|iPhoneSimulator.ActiveCfg = AppStore|iPhoneSimulator
		{CED2803E-C36F-44BA-A0EA-98F93E11D8F1}.AppStore|iPhoneSimulator.Build.0 = AppStore|iPhoneSimulator
		{CED2803E-C36F-44BA-A0EA-98F93E11D8F1}.AppStore|x64.ActiveCfg = AppStore|iPhone
		{CED2803E-C36F-44BA-A0EA-98F93E11D8F1}.AppStore|x86.ActiveCfg = AppStore|iPhone
		{CED2803E-C36F-44BA-A0EA-98F93E11D8F1}.Debug|Any CPU.ActiveCfg = Debug|iPhone
		{CED2803E-C36F-44BA-A0EA-98F93E11D8F1}.Debug|ARM.ActiveCfg = Debug|iPhone
		{CED2803E-C36F-44BA-A0EA-98F93E11D8F1}.Debug|iPhone.ActiveCfg = Debug|iPhone
		{CED2803E-C36F-44BA-A0EA-98F93E11D8F1}.Debug|iPhone.Build.0 = Debug|iPhone
		{CED2803E-C36F-44BA-A0EA-98F93E11D8F1}.Debug|iPhoneSimulator.ActiveCfg = Debug|iPhoneSimulator
		{CED2803E-C36F-44BA-A0EA-98F93E11D8F1}.Debug|iPhoneSimulator.Build.0 = Debug|iPhoneSimulator
		{CED2803E-C36F-44BA-A0EA-98F93E11D8F1}.Debug|x64.ActiveCfg = Debug|iPhone
		{CED2803E-C36F-44BA-A0EA-98F93E11D8F1}.Debug|x86.ActiveCfg = Debug|iPhone
		{CED2803E-C36F-44BA-A0EA-98F93E11D8F1}.Release|Any CPU.ActiveCfg = Release|iPhone
		{CED2803E-C36F-44BA-A0EA-98F93E11D8F1}.Release|ARM.ActiveCfg = Release|iPhone
		{CED2803E-C36F-44BA-A0EA-98F93E11D8F1}.Release|iPhone.ActiveCfg = Release|iPhone
		{CED2803E-C36F-44BA-A0EA-98F93E11D8F1}.Release|iPhone.Build.0 = Release|iPhone
		{CED2803E-C36F-44BA-A0EA-98F93E11D8F1}.Release|iPhoneSimulator.ActiveCfg = Release|iPhoneSimulator
		{CED2803E-C36F-44BA-A0EA-98F93E11D8F1}.Release|iPhoneSimulator.Build.0 = Release|iPhoneSimulator
		{CED2803E-C36F-44BA-A0EA-98F93E11D8F1}.Release|x64.ActiveCfg = Release|iPhone
		{CED2803E-C36F-44BA-A0EA-98F93E11D8F1}.Release|x86.ActiveCfg = Release|iPhone
	EndGlobalSection
	GlobalSection(SolutionProperties) = preSolution
		HideSolutionNode = FALSE
	EndGlobalSection
EndGlobal
